{
  "meteor": {},
  "dependencies": {
    "basePackages": {
      "bootstrap-3": {},
      "font-awesome-4": {},
      "uniform-package": {}
    },
    "packages": {
      "bootstrap-3": {
        "git": "https://github.com/mangasocial/meteor-bootstrap-3.git",
        "tag": "v0.3.7",
        "commit": "5dd0d142c870647b910be80bc777b96f0dd45e5e"
      },
      "font-awesome-4": {
        "git": "https://github.com/michaelbishop/meteor-font-awesome-4.git",
        "tag": "v4.0.0",
        "commit": "c28b5a0f2a2bd233c495642b40a167eda95172f5"
      },
      "uniform-package": {
        "git": "https://github.com/Ore4444/uniform-package.git",
        "tag": "v0.0.2",
        "commit": "d52309b7ff034a034ef7065dc42c6e7379e28bd6"
      }
    }
  }
}
